PODS:
  - iOSSnapshotTestCase (3.0.0):
    - iOSSnapshotTestCase/SwiftSupport (= 3.0.0)
  - iOSSnapshotTestCase/Core (3.0.0)
  - iOSSnapshotTestCase/SwiftSupport (3.0.0):
    - iOSSnapshotTestCase/Core
  - StackViewSeparator (0.1.2)

DEPENDENCIES:
  - iOSSnapshotTestCase
  - StackViewSeparator (from `../`)

SPEC REPOS:
  https://github.com/CocoaPods/Specs.git:
    - iOSSnapshotTestCase

EXTERNAL SOURCES:
  StackViewSeparator:
    :path: "../"

SPEC CHECKSUMS:
  iOSSnapshotTestCase: 23984ffe05289728d646cbb6a7a10b4fb1c93440
  StackViewSeparator: 3461bedd38457ae5fa503c7d8904a7b2ad41fd45

PODFILE CHECKSUM: 677c39eebdfa6beafc5feb36e65fae9142784248

COCOAPODS: 1.9.1
